
Microsoft Visual Studio Solution File, Format Version 12.00
# Visual Studio 14
VisualStudioVersion = 14.0.24720.0
MinimumVisualStudioVersion = 10.0.40219.1
Project("{FAE04EC0-301F-11D3-BF4B-00C04F79EFBC}") = "WhatsNext", "WhatsNext\WhatsNext.csproj", "{0D40291E-88CC-4F02-9D8E-5E934AFED427}"
EndProject
Project("{E24C65DC-7377-472B-9ABA-BC803B73C61A}") = "WhatsNextSite", "..\..\WebSites\WhatsNextSite\", "{F2515ED1-61F4-49E4-BAFF-29DF3278780B}"
	ProjectSection(WebsiteProperties) = preProject
		TargetFrameworkMoniker = ".NETFramework,Version%3Dv4.5.2"
		Debug.AspNetCompiler.VirtualPath = "/localhost_20354"
		Debug.AspNetCompiler.PhysicalPath = "..\..\WebSites\WhatsNextSite\"
		Debug.AspNetCompiler.TargetPath = "PrecompiledWeb\localhost_20354\"
		Debug.AspNetCompiler.Updateable = "true"
		Debug.AspNetCompiler.ForceOverwrite = "true"
		Debug.AspNetCompiler.FixedNames = "false"
		Debug.AspNetCompiler.Debug = "True"
		Release.AspNetCompiler.VirtualPath = "/localhost_20354"
		Release.AspNetCompiler.PhysicalPath = "..\..\WebSites\WhatsNextSite\"
		Release.AspNetCompiler.TargetPath = "PrecompiledWeb\localhost_20354\"
		Release.AspNetCompiler.Updateable = "true"
		Release.AspNetCompiler.ForceOverwrite = "true"
		Release.AspNetCompiler.FixedNames = "false"
		Release.AspNetCompiler.Debug = "False"
		VWDPort = "20354"
		SlnRelativePath = "..\..\WebSites\WhatsNextSite\"
		DefaultWebSiteLanguage = "Visual C#"
	EndProjectSection
EndProject
Global
	GlobalSection(SolutionConfigurationPlatforms) = preSolution
		Debug|Any CPU = Debug|Any CPU
		Release|Any CPU = Release|Any CPU
	EndGlobalSection
	GlobalSection(ProjectConfigurationPlatforms) = postSolution
		{0D40291E-88CC-4F02-9D8E-5E934AFED427}.Debug|Any CPU.ActiveCfg = Debug|Any CPU
		{0D40291E-88CC-4F02-9D8E-5E934AFED427}.Debug|Any CPU.Build.0 = Debug|Any CPU
		{0D40291E-88CC-4F02-9D8E-5E934AFED427}.Release|Any CPU.ActiveCfg = Release|Any CPU
		{0D40291E-88CC-4F02-9D8E-5E934AFED427}.Release|Any CPU.Build.0 = Release|Any CPU
		{F2515ED1-61F4-49E4-BAFF-29DF3278780B}.Debug|Any CPU.ActiveCfg = Debug|Any CPU
		{F2515ED1-61F4-49E4-BAFF-29DF3278780B}.Debug|Any CPU.Build.0 = Debug|Any CPU
		{F2515ED1-61F4-49E4-BAFF-29DF3278780B}.Release|Any CPU.ActiveCfg = Debug|Any CPU
		{F2515ED1-61F4-49E4-BAFF-29DF3278780B}.Release|Any CPU.Build.0 = Debug|Any CPU
	EndGlobalSection
	GlobalSection(SolutionProperties) = preSolution
		HideSolutionNode = FALSE
	EndGlobalSection
EndGlobal
